// !$*UTF8*$!
{
	archiveVersion = 1;
	classes = {
	};
	objectVersion = 77;
	objects = {

/* Begin PBXBuildFile section */
		371457FB8615C69E0E60539D /* Pods_Tabletop.framework in Frameworks */ = {isa = PBXBuildFile; fileRef = 5FC143BD3AAC07C7887AE3A0 /* Pods_Tabletop.framework */; };
		A31B3ED4389774F01E8DE8CF /* Pods_TabletopTests.framework in Frameworks */ = {isa = PBXBuildFile; fileRef = 66CB372C92127EB6319603A7 /* Pods_TabletopTests.framework */; };
		B846159B22F9058A5EFFC5E2 /* Pods_Tabletop_TabletopUITests.framework in Frameworks */ = {isa = PBXBuildFile; fileRef = BE32AC4574E3D965E682605F /* Pods_Tabletop_TabletopUITests.framework */; };
/* End PBXBuildFile section */

/* Begin PBXContainerItemProxy section */
		C9FA42962E25582000D07889 /* PBXContainerItemProxy */ = {
			isa = PBXContainerItemProxy;
			containerPortal = C9FA42772E25581A00D07889 /* Project object */;
			proxyType = 1;
			remoteGlobalIDString = C9FA427E2E25581A00D07889;
			remoteInfo = Tabletop;
		};
		C9FA42A02E25582000D07889 /* PBXContainerItemProxy */ = {
			isa = PBXContainerItemProxy;
			containerPortal = C9FA42772E25581A00D07889 /* Project object */;
			proxyType = 1;
			remoteGlobalIDString = C9FA427E2E25581A00D07889;
			remoteInfo = Tabletop;
		};
/* End PBXContainerItemProxy section */

/* Begin PBXFileReference section */
		5FC143BD3AAC07C7887AE3A0 /* Pods_Tabletop.framework */ = {isa = PBXFileReference; explicitFileType = wrapper.framework; includeInIndex = 0; path = Pods_Tabletop.framework; sourceTree = BUILT_PRODUCTS_DIR; };
		64193E1BD7DECB1638AD30BD /* Pods-Tabletop.release.xcconfig */ = {isa = PBXFileReference; includeInIndex = 1; lastKnownFileType = text.xcconfig; name = "Pods-Tabletop.release.xcconfig"; path = "Target Support Files/Pods-Tabletop/Pods-Tabletop.release.xcconfig"; sourceTree = "<group>"; };
		66CB372C92127EB6319603A7 /* Pods_TabletopTests.framework */ = {isa = PBXFileReference; explicitFileType = wrapper.framework; includeInIndex = 0; path = Pods_TabletopTests.framework; sourceTree = BUILT_PRODUCTS_DIR; };
		8B9CD4436858D6B83EECE8EA /* Pods-Tabletop-TabletopUITests.release.xcconfig */ = {isa = PBXFileReference; includeInIndex = 1; lastKnownFileType = text.xcconfig; name = "Pods-Tabletop-TabletopUITests.release.xcconfig"; path = "Target Support Files/Pods-Tabletop-TabletopUITests/Pods-Tabletop-TabletopUITests.release.xcconfig"; sourceTree = "<group>"; };
		A0FDE256D433E5EEEA50BE6A /* Pods-Tabletop.debug.xcconfig */ = {isa = PBXFileReference; includeInIndex = 1; lastKnownFileType = text.xcconfig; name = "Pods-Tabletop.debug.xcconfig"; path = "Target Support Files/Pods-Tabletop/Pods-Tabletop.debug.xcconfig"; sourceTree = "<group>"; };
		AE4309649F2AE1DE8ECFF471 /* Pods-TabletopTests.release.xcconfig */ = {isa = PBXFileReference; includeInIndex = 1; lastKnownFileType = text.xcconfig; name = "Pods-TabletopTests.release.xcconfig"; path = "Target Support Files/Pods-TabletopTests/Pods-TabletopTests.release.xcconfig"; sourceTree = "<group>"; };
		BE32AC4574E3D965E682605F /* Pods_Tabletop_TabletopUITests.framework */ = {isa = PBXFileReference; explicitFileType = wrapper.framework; includeInIndex = 0; path = Pods_Tabletop_TabletopUITests.framework; sourceTree = BUILT_PRODUCTS_DIR; };
		C7422AE10116F4FF4384CDCA /* Pods-TabletopTests.debug.xcconfig */ = {isa = PBXFileReference; includeInIndex = 1; lastKnownFileType = text.xcconfig; name = "Pods-TabletopTests.debug.xcconfig"; path = "Target Support Files/Pods-TabletopTests/Pods-TabletopTests.debug.xcconfig"; sourceTree = "<group>"; };
		C9FA427F2E25581A00D07889 /* Tabletop.app */ = {isa = PBXFileReference; explicitFileType = wrapper.application; includeInIndex = 0; path = Tabletop.app; sourceTree = BUILT_PRODUCTS_DIR; };
		C9FA42952E25582000D07889 /* TabletopTests.xctest */ = {isa = PBXFileReference; explicitFileType = wrapper.cfbundle; includeInIndex = 0; path = TabletopTests.xctest; sourceTree = BUILT_PRODUCTS_DIR; };
		C9FA429F2E25582000D07889 /* TabletopUITests.xctest */ = {isa = PBXFileReference; explicitFileType = wrapper.cfbundle; includeInIndex = 0; path = TabletopUITests.xctest; sourceTree = BUILT_PRODUCTS_DIR; };
		FBF6F25173CECC33D9251752 /* Pods-Tabletop-TabletopUITests.debug.xcconfig */ = {isa = PBXFileReference; includeInIndex = 1; lastKnownFileType = text.xcconfig; name = "Pods-Tabletop-TabletopUITests.debug.xcconfig"; path = "Target Support Files/Pods-Tabletop-TabletopUITests/Pods-Tabletop-TabletopUITests.debug.xcconfig"; sourceTree = "<group>"; };
/* End PBXFileReference section */

/* Begin PBXFileSystemSynchronizedBuildFileExceptionSet section */
		C9FA42A72E25582000D07889 /* Exceptions for "Tabletop" folder in "Tabletop" target */ = {
			isa = PBXFileSystemSynchronizedBuildFileExceptionSet;
			membershipExceptions = (
				Info.plist,
			);
			target = C9FA427E2E25581A00D07889 /* Tabletop */;
		};
/* End PBXFileSystemSynchronizedBuildFileExceptionSet section */

/* Begin PBXFileSystemSynchronizedRootGroup section */
		C9FA42812E25581A00D07889 /* Tabletop */ = {
			isa = PBXFileSystemSynchronizedRootGroup;
			exceptions = (
				C9FA42A72E25582000D07889 /* Exceptions for "Tabletop" folder in "Tabletop" target */,
			);
			path = Tabletop;
			sourceTree = "<group>";
		};
		C9FA42982E25582000D07889 /* TabletopTests */ = {
			isa = PBXFileSystemSynchronizedRootGroup;
			path = TabletopTests;
			sourceTree = "<group>";
		};
		C9FA42A22E25582000D07889 /* TabletopUITests */ = {
			isa = PBXFileSystemSynchronizedRootGroup;
			path = TabletopUITests;
			sourceTree = "<group>";
		};
/* End PBXFileSystemSynchronizedRootGroup section */

/* Begin PBXFrameworksBuildPhase section */
		C9FA427C2E25581A00D07889 /* Frameworks */ = {
			isa = PBXFrameworksBuildPhase;
			buildActionMask = 2147483647;
			files = (
				371457FB8615C69E0E60539D /* Pods_Tabletop.framework in Frameworks */,
			);
			runOnlyForDeploymentPostprocessing = 0;
		};
		C9FA42922E25582000D07889 /* Frameworks */ = {
			isa = PBXFrameworksBuildPhase;
			buildActionMask = 2147483647;
			files = (
				A31B3ED4389774F01E8DE8CF /* Pods_TabletopTests.framework in Frameworks */,
			);
			runOnlyForDeploymentPostprocessing = 0;
		};
		C9FA429C2E25582000D07889 /* Frameworks */ = {
			isa = PBXFrameworksBuildPhase;
			buildActionMask = 2147483647;
			files = (
				B846159B22F9058A5EFFC5E2 /* Pods_Tabletop_TabletopUITests.framework in Frameworks */,
			);
			runOnlyForDeploymentPostprocessing = 0;
		};
/* End PBXFrameworksBuildPhase section */

/* Begin PBXGroup section */
		9663C42E43128054E24AD639 /* Frameworks */ = {
			isa = PBXGroup;
			children = (
				5FC143BD3AAC07C7887AE3A0 /* Pods_Tabletop.framework */,
				BE32AC4574E3D965E682605F /* Pods_Tabletop_TabletopUITests.framework */,
				66CB372C92127EB6319603A7 /* Pods_TabletopTests.framework */,
			);
			name = Frameworks;
			sourceTree = "<group>";
		};
		9B4DC34DF4B9A765B95D3B8D /* Pods */ = {
			isa = PBXGroup;
			children = (
				A0FDE256D433E5EEEA50BE6A /* Pods-Tabletop.debug.xcconfig */,
				64193E1BD7DECB1638AD30BD /* Pods-Tabletop.release.xcconfig */,
				FBF6F25173CECC33D9251752 /* Pods-Tabletop-TabletopUITests.debug.xcconfig */,
				8B9CD4436858D6B83EECE8EA /* Pods-Tabletop-TabletopUITests.release.xcconfig */,
				C7422AE10116F4FF4384CDCA /* Pods-TabletopTests.debug.xcconfig */,
				AE4309649F2AE1DE8ECFF471 /* Pods-TabletopTests.release.xcconfig */,
			);
			path = Pods;
			sourceTree = "<group>";
		};
		C9FA42762E25581900D07889 = {
			isa = PBXGroup;
			children = (
				C9FA42812E25581A00D07889 /* Tabletop */,
				C9FA42982E25582000D07889 /* TabletopTests */,
				C9FA42A22E25582000D07889 /* TabletopUITests */,
				C9FA42802E25581A00D07889 /* Products */,
				9B4DC34DF4B9A765B95D3B8D /* Pods */,
				9663C42E43128054E24AD639 /* Frameworks */,
			);
			sourceTree = "<group>";
		};
		C9FA42802E25581A00D07889 /* Products */ = {
			isa = PBXGroup;
			children = (
				C9FA427F2E25581A00D07889 /* Tabletop.app */,
				C9FA42952E25582000D07889 /* TabletopTests.xctest */,
				C9FA429F2E25582000D07889 /* TabletopUITests.xctest */,
			);
			name = Products;
			sourceTree = "<group>";
		};
/* End PBXGroup section */

/* Begin PBXNativeTarget section */
		C9FA427E2E25581A00D07889 /* Tabletop */ = {
			isa = PBXNativeTarget;
			buildConfigurationList = C9FA42A82E25582000D07889 /* Build configuration list for PBXNativeTarget "Tabletop" */;
			buildPhases = (
				DF2D15E467868D49A7C73485 /* [CP] Check Pods Manifest.lock */,
				C9FA427B2E25581A00D07889 /* Sources */,
				C9FA427C2E25581A00D07889 /* Frameworks */,
				C9FA427D2E25581A00D07889 /* Resources */,
			);
			buildRules = (
			);
			dependencies = (
			);
			fileSystemSynchronizedGroups = (
				C9FA42812E25581A00D07889 /* Tabletop */,
			);
			name = Tabletop;
			productName = Tabletop;
			productReference = C9FA427F2E25581A00D07889 /* Tabletop.app */;
			productType = "com.apple.product-type.application";
		};
		C9FA42942E25582000D07889 /* TabletopTests */ = {
			isa = PBXNativeTarget;
			buildConfigurationList = C9FA42AD2E25582000D07889 /* Build configuration list for PBXNativeTarget "TabletopTests" */;
			buildPhases = (
				85C75FCFDF3B197AB49C4E56 /* [CP] Check Pods Manifest.lock */,
				C9FA42912E25582000D07889 /* Sources */,
				C9FA42922E25582000D07889 /* Frameworks */,
				C9FA42932E25582000D07889 /* Resources */,
			);
			buildRules = (
			);
			dependencies = (
				C9FA42972E25582000D07889 /* PBXTargetDependency */,
			);
			fileSystemSynchronizedGroups = (
				C9FA42982E25582000D07889 /* TabletopTests */,
			);
			name = TabletopTests;
			productName = TabletopTests;
			productReference = C9FA42952E25582000D07889 /* TabletopTests.xctest */;
			productType = "com.apple.product-type.bundle.unit-test";
		};
		C9FA429E2E25582000D07889 /* TabletopUITests */ = {
			isa = PBXNativeTarget;
			buildConfigurationList = C9FA42B02E25582000D07889 /* Build configuration list for PBXNativeTarget "TabletopUITests" */;
			buildPhases = (
				2DCB866017CC9CCFB9251D36 /* [CP] Check Pods Manifest.lock */,
				C9FA429B2E25582000D07889 /* Sources */,
				C9FA429C2E25582000D07889 /* Frameworks */,
				C9FA429D2E25582000D07889 /* Resources */,
			);
			buildRules = (
			);
			dependencies = (
				C9FA42A12E25582000D07889 /* PBXTargetDependency */,
			);
			fileSystemSynchronizedGroups = (
				C9FA42A22E25582000D07889 /* TabletopUITests */,
			);
			name = TabletopUITests;
			productName = TabletopUITests;
			productReference = C9FA429F2E25582000D07889 /* TabletopUITests.xctest */;
			productType = "com.apple.product-type.bundle.ui-testing";
		};
/* End PBXNativeTarget section */

/* Begin PBXProject section */
		C9FA42772E25581A00D07889 /* Project object */ = {
			isa = PBXProject;
			attributes = {
				BuildIndependentTargetsInParallel = 1;
				LastSwiftUpdateCheck = 1640;
				LastUpgradeCheck = 1640;
				TargetAttributes = {
					C9FA427E2E25581A00D07889 = {
						CreatedOnToolsVersion = 16.4;
					};
					C9FA42942E25582000D07889 = {
						CreatedOnToolsVersion = 16.4;
						TestTargetID = C9FA427E2E25581A00D07889;
					};
					C9FA429E2E25582000D07889 = {
						CreatedOnToolsVersion = 16.4;
						TestTargetID = C9FA427E2E25581A00D07889;
					};
				};
			};
			buildConfigurationList = C9FA427A2E25581A00D07889 /* Build configuration list for PBXProject "Tabletop" */;
			developmentRegion = en;
			hasScannedForEncodings = 0;
			knownRegions = (
				en,
				Base,
			);
			mainGroup = C9FA42762E25581900D07889;
			minimizedProjectReferenceProxies = 1;
			preferredProjectObjectVersion = 77;
			productRefGroup = C9FA42802E25581A00D07889 /* Products */;
			projectDirPath = "";
			projectRoot = "";
			targets = (
				C9FA427E2E25581A00D07889 /* Tabletop */,
				C9FA42942E25582000D07889 /* TabletopTests */,
				C9FA429E2E25582000D07889 /* TabletopUITests */,
			);
		};
/* End PBXProject section */

/* Begin PBXResourcesBuildPhase section */
		C9FA427D2E25581A00D07889 /* Resources */ = {
			isa = PBXResourcesBuildPhase;
			buildActionMask = 2147483647;
			files = (
			);
			runOnlyForDeploymentPostprocessing = 0;
		};
		C9FA42932E25582000D07889 /* Resources */ = {
			isa = PBXResourcesBuildPhase;
			buildActionMask = 2147483647;
			files = (
			);
			runOnlyForDeploymentPostprocessing = 0;
		};
		C9FA429D2E25582000D07889 /* Resources */ = {
			isa = PBXResourcesBuildPhase;
			buildActionMask = 2147483647;
			files = (
			);
			runOnlyForDeploymentPostprocessing = 0;
		};
/* End PBXResourcesBuildPhase section */

/* Begin PBXShellScriptBuildPhase section */
		2DCB866017CC9CCFB9251D36 /* [CP] Check Pods Manifest.lock */ = {
			isa = PBXShellScriptBuildPhase;
			buildActionMask = 2147483647;
			files = (
			);
			inputFileListPaths = (
			);
			inputPaths = (
				"${PODS_PODFILE_DIR_PATH}/Podfile.lock",
				"${PODS_ROOT}/Manifest.lock",
			);
			name = "[CP] Check Pods Manifest.lock";
			outputFileListPaths = (
			);
			outputPaths = (
				"$(DERIVED_FILE_DIR)/Pods-Tabletop-TabletopUITests-checkManifestLockResult.txt",
			);
			runOnlyForDeploymentPostprocessing = 0;
			shellPath = /bin/sh;
			shellScript = "diff \"${PODS_PODFILE_DIR_PATH}/Podfile.lock\" \"${PODS_ROOT}/Manifest.lock\" > /dev/null\nif [ $? != 0 ] ; then\n    # print error to STDERR\n    echo \"error: The sandbox is not in sync with the Podfile.lock. Run 'pod install' or update your CocoaPods installation.\" >&2\n    exit 1\nfi\n# This output is used by Xcode 'outputs' to avoid re-running this script phase.\necho \"SUCCESS\" > \"${SCRIPT_OUTPUT_FILE_0}\"\n";
			showEnvVarsInLog = 0;
		};
		85C75FCFDF3B197AB49C4E56 /* [CP] Check Pods Manifest.lock */ = {
			isa = PBXShellScriptBuildPhase;
			buildActionMask = 2147483647;
			files = (
			);
			inputFileListPaths = (
			);
			inputPaths = (
				"${PODS_PODFILE_DIR_PATH}/Podfile.lock",
				"${PODS_ROOT}/Manifest.lock",
			);
			name = "[CP] Check Pods Manifest.lock";
			outputFileListPaths = (
			);
			outputPaths = (
				"$(DERIVED_FILE_DIR)/Pods-TabletopTests-checkManifestLockResult.txt",
			);
			runOnlyForDeploymentPostprocessing = 0;
			shellPath = /bin/sh;
			shellScript = "diff \"${PODS_PODFILE_DIR_PATH}/Podfile.lock\" \"${PODS_ROOT}/Manifest.lock\" > /dev/null\nif [ $? != 0 ] ; then\n    # print error to STDERR\n    echo \"error: The sandbox is not in sync with the Podfile.lock. Run 'pod install' or update your CocoaPods installation.\" >&2\n    exit 1\nfi\n# This output is used by Xcode 'outputs' to avoid re-running this script phase.\necho \"SUCCESS\" > \"${SCRIPT_OUTPUT_FILE_0}\"\n";
			showEnvVarsInLog = 0;
		};
		DF2D15E467868D49A7C73485 /* [CP] Check Pods Manifest.lock */ = {
			isa = PBXShellScriptBuildPhase;
			buildActionMask = 2147483647;
			files = (
			);
			inputFileListPaths = (
			);
			inputPaths = (
				"${PODS_PODFILE_DIR_PATH}/Podfile.lock",
				"${PODS_ROOT}/Manifest.lock",
			);
			name = "[CP] Check Pods Manifest.lock";
			outputFileListPaths = (
			);
			outputPaths = (
				"$(DERIVED_FILE_DIR)/Pods-Tabletop-checkManifestLockResult.txt",
			);
			runOnlyForDeploymentPostprocessing = 0;
			shellPath = /bin/sh;
			shellScript = "diff \"${PODS_PODFILE_DIR_PATH}/Podfile.lock\" \"${PODS_ROOT}/Manifest.lock\" > /dev/null\nif [ $? != 0 ] ; then\n    # print error to STDERR\n    echo \"error: The sandbox is not in sync with the Podfile.lock. Run 'pod install' or update your CocoaPods installation.\" >&2\n    exit 1\nfi\n# This output is used by Xcode 'outputs' to avoid re-running this script phase.\necho \"SUCCESS\" > \"${SCRIPT_OUTPUT_FILE_0}\"\n";
			showEnvVarsInLog = 0;
		};
/* End PBXShellScriptBuildPhase section */

/* Begin PBXSourcesBuildPhase section */
		C9FA427B2E25581A00D07889 /* Sources */ = {
			isa = PBXSourcesBuildPhase;
			buildActionMask = 2147483647;
			files = (
			);
			runOnlyForDeploymentPostprocessing = 0;
		};
		C9FA42912E25582000D07889 /* Sources */ = {
			isa = PBXSourcesBuildPhase;
			buildActionMask = 2147483647;
			files = (
			);
			runOnlyForDeploymentPostprocessing = 0;
		};
		C9FA429B2E25582000D07889 /* Sources */ = {
			isa = PBXSourcesBuildPhase;
			buildActionMask = 2147483647;
			files = (
			);
			runOnlyForDeploymentPostprocessing = 0;
		};
/* End PBXSourcesBuildPhase section */

/* Begin PBXTargetDependency section */
		C9FA42972E25582000D07889 /* PBXTargetDependency */ = {
			isa = PBXTargetDependency;
			target = C9FA427E2E25581A00D07889 /* Tabletop */;
			targetProxy = C9FA42962E25582000D07889 /* PBXContainerItemProxy */;
		};
		C9FA42A12E25582000D07889 /* PBXTargetDependency */ = {
			isa = PBXTargetDependency;
			target = C9FA427E2E25581A00D07889 /* Tabletop */;
			targetProxy = C9FA42A02E25582000D07889 /* PBXContainerItemProxy */;
		};
/* End PBXTargetDependency section */

/* Begin XCBuildConfiguration section */
		C9FA42A92E25582000D07889 /* Debug */ = {
			isa = XCBuildConfiguration;
			baseConfigurationReference = A0FDE256D433E5EEEA50BE6A /* Pods-Tabletop.debug.xcconfig */;
			buildSettings = {
				ASSETCATALOG_COMPILER_APPICON_NAME = AppIcon;
				ASSETCATALOG_COMPILER_GLOBAL_ACCENT_COLOR_NAME = AccentColor;
				CODE_SIGN_STYLE = Automatic;
				CURRENT_PROJECT_VERSION = 1;
				GENERATE_INFOPLIST_FILE = YES;
				INFOPLIST_FILE = Tabletop/Info.plist;
				INFOPLIST_KEY_NSCameraUsageDescription = "Upload user profile photos";
				INFOPLIST_KEY_UIApplicationSupportsIndirectInputEvents = YES;
				INFOPLIST_KEY_UILaunchStoryboardName = LaunchScreen;
				INFOPLIST_KEY_UISupportedInterfaceOrientations = UIInterfaceOrientationPortrait;
				INFOPLIST_KEY_UISupportedInterfaceOrientations_iPad = "UIInterfaceOrientationLandscapeLeft UIInterfaceOrientationPortrait";
				LD_RUNPATH_SEARCH_PATHS = (
					"$(inherited)",
					"@executable_path/Frameworks",
				);
				MARKETING_VERSION = 1.0;
				PRODUCT_BUNDLE_IDENTIFIER = com.karengrace.Tabletop;
				PRODUCT_NAME = "$(TARGET_NAME)";
				SWIFT_EMIT_LOC_STRINGS = YES;
				SWIFT_VERSION = 5.0;
				TARGETED_DEVICE_FAMILY = "1,2";
			};
			name = Debug;
		};
		C9FA42AA2E25582000D07889 /* Release */ = {
			isa = XCBuildConfiguration;
			baseConfigurationReference = 64193E1BD7DECB1638AD30BD /* Pods-Tabletop.release.xcconfig */;
			buildSettings = {
				ASSETCATALOG_COMPILER_APPICON_NAME = AppIcon;
				ASSETCATALOG_COMPILER_GLOBAL_ACCENT_COLOR_NAME = AccentColor;
				CODE_SIGN_STYLE = Automatic;
				CURRENT_PROJECT_VERSION = 1;
				GENERATE_INFOPLIST_FILE = YES;
				INFOPLIST_FILE = Tabletop/Info.plist;
				INFOPLIST_KEY_NSCameraUsageDescription = "Upload user profile photos";
				INFOPLIST_KEY_UIApplicationSupportsIndirectInputEvents = YES;
				INFOPLIST_KEY_UILaunchStoryboardName = LaunchScreen;
				INFOPLIST_KEY_UISupportedInterfaceOrientations = UIInterfaceOrientationPortrait;
				INFOPLIST_KEY_UISupportedInterfaceOrientations_iPad = "UIInterfaceOrientationLandscapeLeft UIInterfaceOrientationPortrait";
				LD_RUNPATH_SEARCH_PATHS = (
					"$(inherited)",
					"@executable_path/Frameworks",
				);
				MARKETING_VERSION = 1.0;
				PRODUCT_BUNDLE_IDENTIFIER = com.karengrace.Tabletop;
				PRODUCT_NAME = "$(TARGET_NAME)";
				SWIFT_EMIT_LOC_STRINGS = YES;
				SWIFT_VERSION = 5.0;
				TARGETED_DEVICE_FAMILY = "1,2";
			};
			name = Release;
		};
		C9FA42AB2E25582000D07889 /* Debug */ = {
			isa = XCBuildConfiguration;
			buildSettings = {
				ALWAYS_SEARCH_USER_PATHS = NO;
				ASSETCATALOG_COMPILER_GENERATE_SWIFT_ASSET_SYMBOL_EXTENSIONS = YES;
				CLANG_ANALYZER_NONNULL = YES;
				CLANG_ANALYZER_NUMBER_OBJECT_CONVERSION = YES_AGGRESSIVE;
				CLANG_CXX_LANGUAGE_STANDARD = "gnu++20";
				CLANG_ENABLE_MODULES = YES;
				CLANG_ENABLE_OBJC_ARC = YES;
				CLANG_ENABLE_OBJC_WEAK = YES;
				CLANG_WARN_BLOCK_CAPTURE_AUTORELEASING = YES;
				CLANG_WARN_BOOL_CONVERSION = YES;
				CLANG_WARN_COMMA = YES;
				CLANG_WARN_CONSTANT_CONVERSION = YES;
				CLANG_WARN_DEPRECATED_OBJC_IMPLEMENTATIONS = YES;
				CLANG_WARN_DIRECT_OBJC_ISA_USAGE = YES_ERROR;
				CLANG_WARN_DOCUMENTATION_COMMENTS = YES;
				CLANG_WARN_EMPTY_BODY = YES;
				CLANG_WARN_ENUM_CONVERSION = YES;
				CLANG_WARN_INFINITE_RECURSION = YES;
				CLANG_WARN_INT_CONVERSION = YES;
				CLANG_WARN_NON_LITERAL_NULL_CONVERSION = YES;
				CLANG_WARN_OBJC_IMPLICIT_RETAIN_SELF = YES;
				CLANG_WARN_OBJC_LITERAL_CONVERSION = YES;
				CLANG_WARN_OBJC_ROOT_CLASS = YES_ERROR;
				CLANG_WARN_QUOTED_INCLUDE_IN_FRAMEWORK_HEADER = YES;
				CLANG_WARN_RANGE_LOOP_ANALYSIS = YES;
				CLANG_WARN_STRICT_PROTOTYPES = YES;
				CLANG_WARN_SUSPICIOUS_MOVE = YES;
				CLANG_WARN_UNGUARDED_AVAILABILITY = YES_AGGRESSIVE;
				CLANG_WARN_UNREACHABLE_CODE = YES;
				CLANG_WARN__DUPLICATE_METHOD_MATCH = YES;
				COPY_PHASE_STRIP = NO;
				DEBUG_INFORMATION_FORMAT = dwarf;
				ENABLE_STRICT_OBJC_MSGSEND = YES;
				ENABLE_TESTABILITY = YES;
				ENABLE_USER_SCRIPT_SANDBOXING = YES;
				GCC_C_LANGUAGE_STANDARD = gnu17;
				GCC_DYNAMIC_NO_PIC = NO;
				GCC_NO_COMMON_BLOCKS = YES;
				GCC_OPTIMIZATION_LEVEL = 0;
				GCC_PREPROCESSOR_DEFINITIONS = (
					"DEBUG=1",
					"$(inherited)",
				);
				GCC_WARN_64_TO_32_BIT_CONVERSION = YES;
				GCC_WARN_ABOUT_RETURN_TYPE = YES_ERROR;
				GCC_WARN_UNDECLARED_SELECTOR = YES;
				GCC_WARN_UNINITIALIZED_AUTOS = YES_AGGRESSIVE;
				GCC_WARN_UNUSED_FUNCTION = YES;
				GCC_WARN_UNUSED_VARIABLE = YES;
				IPHONEOS_DEPLOYMENT_TARGET = 18.5;
				LOCALIZATION_PREFERS_STRING_CATALOGS = YES;
				MTL_ENABLE_DEBUG_INFO = INCLUDE_SOURCE;
				MTL_FAST_MATH = YES;
				ONLY_ACTIVE_ARCH = YES;
				SDKROOT = iphoneos;
				SWIFT_ACTIVE_COMPILATION_CONDITIONS = "DEBUG $(inherited)";
				SWIFT_OPTIMIZATION_LEVEL = "-Onone";
			};
			name = Debug;
		};
		C9FA42AC2E25582000D07889 /* Release */ = {
			isa = XCBuildConfiguration;
			buildSettings = {
				ALWAYS_SEARCH_USER_PATHS = NO;
				ASSETCATALOG_COMPILER_GENERATE_SWIFT_ASSET_SYMBOL_EXTENSIONS = YES;
				CLANG_ANALYZER_NONNULL = YES;
				CLANG_ANALYZER_NUMBER_OBJECT_CONVERSION = YES_AGGRESSIVE;
				CLANG_CXX_LANGUAGE_STANDARD = "gnu++20";
				CLANG_ENABLE_MODULES = YES;
				CLANG_ENABLE_OBJC_ARC = YES;
				CLANG_ENABLE_OBJC_WEAK = YES;
				CLANG_WARN_BLOCK_CAPTURE_AUTORELEASING = YES;
				CLANG_WARN_BOOL_CONVERSION = YES;
				CLANG_WARN_COMMA = YES;
				CLANG_WARN_CONSTANT_CONVERSION = YES;
				CLANG_WARN_DEPRECATED_OBJC_IMPLEMENTATIONS = YES;
				CLANG_WARN_DIRECT_OBJC_ISA_USAGE = YES_ERROR;
				CLANG_WARN_DOCUMENTATION_COMMENTS = YES;
				CLANG_WARN_EMPTY_BODY = YES;
				CLANG_WARN_ENUM_CONVERSION = YES;
				CLANG_WARN_INFINITE_RECURSION = YES;
				CLANG_WARN_INT_CONVERSION = YES;
				CLANG_WARN_NON_LITERAL_NULL_CONVERSION = YES;
				CLANG_WARN_OBJC_IMPLICIT_RETAIN_SELF = YES;
				CLANG_WARN_OBJC_LITERAL_CONVERSION = YES;
				CLANG_WARN_OBJC_ROOT_CLASS = YES_ERROR;
				CLANG_WARN_QUOTED_INCLUDE_IN_FRAMEWORK_HEADER = YES;
				CLANG_WARN_RANGE_LOOP_ANALYSIS = YES;
				CLANG_WARN_STRICT_PROTOTYPES = YES;
				CLANG_WARN_SUSPICIOUS_MOVE = YES;
				CLANG_WARN_UNGUARDED_AVAILABILITY = YES_AGGRESSIVE;
				CLANG_WARN_UNREACHABLE_CODE = YES;
				CLANG_WARN__DUPLICATE_METHOD_MATCH = YES;
				COPY_PHASE_STRIP = NO;
				DEBUG_INFORMATION_FORMAT = "dwarf-with-dsym";
				ENABLE_NS_ASSERTIONS = NO;
				ENABLE_STRICT_OBJC_MSGSEND = YES;
				ENABLE_USER_SCRIPT_SANDBOXING = YES;
				GCC_C_LANGUAGE_STANDARD = gnu17;
				GCC_NO_COMMON_BLOCKS = YES;
				GCC_WARN_64_TO_32_BIT_CONVERSION = YES;
				GCC_WARN_ABOUT_RETURN_TYPE = YES_ERROR;
				GCC_WARN_UNDECLARED_SELECTOR = YES;
				GCC_WARN_UNINITIALIZED_AUTOS = YES_AGGRESSIVE;
				GCC_WARN_UNUSED_FUNCTION = YES;
				GCC_WARN_UNUSED_VARIABLE = YES;
				IPHONEOS_DEPLOYMENT_TARGET = 18.5;
				LOCALIZATION_PREFERS_STRING_CATALOGS = YES;
				MTL_ENABLE_DEBUG_INFO = NO;
				MTL_FAST_MATH = YES;
				SDKROOT = iphoneos;
				SWIFT_COMPILATION_MODE = wholemodule;
				VALIDATE_PRODUCT = YES;
			};
			name = Release;
		};
		C9FA42AE2E25582000D07889 /* Debug */ = {
			isa = XCBuildConfiguration;
			baseConfigurationReference = C7422AE10116F4FF4384CDCA /* Pods-TabletopTests.debug.xcconfig */;
			buildSettings = {
				BUNDLE_LOADER = "$(TEST_HOST)";
				CODE_SIGN_STYLE = Automatic;
				CURRENT_PROJECT_VERSION = 1;
				GENERATE_INFOPLIST_FILE = YES;
				IPHONEOS_DEPLOYMENT_TARGET = 18.5;
				MARKETING_VERSION = 1.0;
				PRODUCT_BUNDLE_IDENTIFIER = com.karengrace.TabletopTests;
				PRODUCT_NAME = "$(TARGET_NAME)";
				SWIFT_EMIT_LOC_STRINGS = NO;
				SWIFT_VERSION = 5.0;
				TARGETED_DEVICE_FAMILY = "1,2";
				TEST_HOST = "$(BUILT_PRODUCTS_DIR)/Tabletop.app/$(BUNDLE_EXECUTABLE_FOLDER_PATH)/Tabletop";
			};
			name = Debug;
		};
		C9FA42AF2E25582000D07889 /* Release */ = {
			isa = XCBuildConfiguration;
			baseConfigurationReference = AE4309649F2AE1DE8ECFF471 /* Pods-TabletopTests.release.xcconfig */;
			buildSettings = {
				BUNDLE_LOADER = "$(TEST_HOST)";
				CODE_SIGN_STYLE = Automatic;
				CURRENT_PROJECT_VERSION = 1;
				GENERATE_INFOPLIST_FILE = YES;
				IPHONEOS_DEPLOYMENT_TARGET = 18.5;
				MARKETING_VERSION = 1.0;
				PRODUCT_BUNDLE_IDENTIFIER = com.karengrace.TabletopTests;
				PRODUCT_NAME = "$(TARGET_NAME)";
				SWIFT_EMIT_LOC_STRINGS = NO;
				SWIFT_VERSION = 5.0;
				TARGETED_DEVICE_FAMILY = "1,2";
				TEST_HOST = "$(BUILT_PRODUCTS_DIR)/Tabletop.app/$(BUNDLE_EXECUTABLE_FOLDER_PATH)/Tabletop";
			};
			name = Release;
		};
		C9FA42B12E25582000D07889 /* Debug */ = {
			isa = XCBuildConfiguration;
			baseConfigurationReference = FBF6F25173CECC33D9251752 /* Pods-Tabletop-TabletopUITests.debug.xcconfig */;
			buildSettings = {
				CODE_SIGN_STYLE = Automatic;
				CURRENT_PROJECT_VERSION = 1;
				GENERATE_INFOPLIST_FILE = YES;
				MARKETING_VERSION = 1.0;
				PRODUCT_BUNDLE_IDENTIFIER = com.karengrace.TabletopUITests;
				PRODUCT_NAME = "$(TARGET_NAME)";
				SWIFT_EMIT_LOC_STRINGS = NO;
				SWIFT_VERSION = 5.0;
				TARGETED_DEVICE_FAMILY = "1,2";
				TEST_TARGET_NAME = Tabletop;
			};
			name = Debug;
		};
		C9FA42B22E25582000D07889 /* Release */ = {
			isa = XCBuildConfiguration;
			baseConfigurationReference = 8B9CD4436858D6B83EECE8EA /* Pods-Tabletop-TabletopUITests.release.xcconfig */;
			buildSettings = {
				CODE_SIGN_STYLE = Automatic;
				CURRENT_PROJECT_VERSION = 1;
				GENERATE_INFOPLIST_FILE = YES;
				MARKETING_VERSION = 1.0;
				PRODUCT_BUNDLE_IDENTIFIER = com.karengrace.TabletopUITests;
				PRODUCT_NAME = "$(TARGET_NAME)";
				SWIFT_EMIT_LOC_STRINGS = NO;
				SWIFT_VERSION = 5.0;
				TARGETED_DEVICE_FAMILY = "1,2";
				TEST_TARGET_NAME = Tabletop;
			};
			name = Release;
		};
/* End XCBuildConfiguration section */

/* Begin XCConfigurationList section */
		C9FA427A2E25581A00D07889 /* Build configuration list for PBXProject "Tabletop" */ = {
			isa = XCConfigurationList;
			buildConfigurations = (
				C9FA42AB2E25582000D07889 /* Debug */,
				C9FA42AC2E25582000D07889 /* Release */,
			);
			defaultConfigurationIsVisible = 0;
			defaultConfigurationName = Release;
		};
		C9FA42A82E25582000D07889 /* Build configuration list for PBXNativeTarget "Tabletop" */ = {
			isa = XCConfigurationList;
			buildConfigurations = (
				C9FA42A92E25582000D07889 /* Debug */,
				C9FA42AA2E25582000D07889 /* Release */,
			);
			defaultConfigurationIsVisible = 0;
			defaultConfigurationName = Release;
		};
		C9FA42AD2E25582000D07889 /* Build configuration list for PBXNativeTarget "TabletopTests" */ = {
			isa = XCConfigurationList;
			buildConfigurations = (
				C9FA42AE2E25582000D07889 /* Debug */,
				C9FA42AF2E25582000D07889 /* Release */,
			);
			defaultConfigurationIsVisible = 0;
			defaultConfigurationName = Release;
		};
		C9FA42B02E25582000D07889 /* Build configuration list for PBXNativeTarget "TabletopUITests" */ = {
			isa = XCConfigurationList;
			buildConfigurations = (
				C9FA42B12E25582000D07889 /* Debug */,
				C9FA42B22E25582000D07889 /* Release */,
			);
			defaultConfigurationIsVisible = 0;
			defaultConfigurationName = Release;
		};
/* End XCConfigurationList section */
	};
	rootObject = C9FA42772E25581A00D07889 /* Project object */;
}
